
Microsoft Visual Studio Solution File, Format Version 11.00
# Visual Studio 2010
Project("{FAE04EC0-301F-11D3-BF4B-00C04F79EFBC}") = "Noble", "Noble\Noble.csproj", "{A58F23A6-A4B9-4087-AFAB-FBEEE10C9CB0}"
EndProject
Project("{FAE04EC0-301F-11D3-BF4B-00C04F79EFBC}") = "NobleBLL", "NobleBLL\NobleBLL.csproj", "{1F70C652-D582-4D7A-846A-29C09A8953DA}"
EndProject
Project("{FAE04EC0-301F-11D3-BF4B-00C04F79EFBC}") = "NobleDAL", "NobleDAL\NobleDAL.csproj", "{F30AE9B2-4652-4F41-9637-53AA5B00A17C}"
EndProject
Project("{FAE04EC0-301F-11D3-BF4B-00C04F79EFBC}") = "NobleEntity", "NobleEntity\NobleEntity.csproj", "{4536C68E-FFB7-4008-AF52-15AA39AAB878}"
EndProject
Global
	GlobalSection(SolutionConfigurationPlatforms) = preSolution
		Debug|Any CPU = Debug|Any CPU
		Release|Any CPU = Release|Any CPU
	EndGlobalSection
	GlobalSection(ProjectConfigurationPlatforms) = postSolution
		{A58F23A6-A4B9-4087-AFAB-FBEEE10C9CB0}.Debug|Any CPU.ActiveCfg = Debug|Any CPU
		{A58F23A6-A4B9-4087-AFAB-FBEEE10C9CB0}.Debug|Any CPU.Build.0 = Debug|Any CPU
		{A58F23A6-A4B9-4087-AFAB-FBEEE10C9CB0}.Release|Any CPU.ActiveCfg = Release|Any CPU
		{A58F23A6-A4B9-4087-AFAB-FBEEE10C9CB0}.Release|Any CPU.Build.0 = Release|Any CPU
		{1F70C652-D582-4D7A-846A-29C09A8953DA}.Debug|Any CPU.ActiveCfg = Debug|Any CPU
		{1F70C652-D582-4D7A-846A-29C09A8953DA}.Debug|Any CPU.Build.0 = Debug|Any CPU
		{1F70C652-D582-4D7A-846A-29C09A8953DA}.Release|Any CPU.ActiveCfg = Release|Any CPU
		{1F70C652-D582-4D7A-846A-29C09A8953DA}.Release|Any CPU.Build.0 = Release|Any CPU
		{F30AE9B2-4652-4F41-9637-53AA5B00A17C}.Debug|Any CPU.ActiveCfg = Debug|Any CPU
		{F30AE9B2-4652-4F41-9637-53AA5B00A17C}.Debug|Any CPU.Build.0 = Debug|Any CPU
		{F30AE9B2-4652-4F41-9637-53AA5B00A17C}.Release|Any CPU.ActiveCfg = Release|Any CPU
		{F30AE9B2-4652-4F41-9637-53AA5B00A17C}.Release|Any CPU.Build.0 = Release|Any CPU
		{4536C68E-FFB7-4008-AF52-15AA39AAB878}.Debug|Any CPU.ActiveCfg = Debug|Any CPU
		{4536C68E-FFB7-4008-AF52-15AA39AAB878}.Debug|Any CPU.Build.0 = Debug|Any CPU
		{4536C68E-FFB7-4008-AF52-15AA39AAB878}.Release|Any CPU.ActiveCfg = Release|Any CPU
		{4536C68E-FFB7-4008-AF52-15AA39AAB878}.Release|Any CPU.Build.0 = Release|Any CPU
	EndGlobalSection
	GlobalSection(SolutionProperties) = preSolution
		HideSolutionNode = FALSE
	EndGlobalSection
EndGlobal
